
Microsoft Visual Studio Solution File, Format Version 12.00
# Visual Studio 15
VisualStudioVersion = 15.0.28307.852
MinimumVisualStudioVersion = 10.0.40219.1
Project("{FAE04EC0-301F-11D3-BF4B-00C04F79EFBC}") = "ToolForDatabase", "ToolForDatabase\ToolForDatabase.csproj", "{D09D1E7F-1D04-4A6A-957E-1400DC47B846}"
EndProject
Project("{FAE04EC0-301F-11D3-BF4B-00C04F79EFBC}") = "DataAccess", "DataAccess\DataAccess.csproj", "{2BC03CFB-D940-4DFF-BB5E-307A8F8B4F93}"
EndProject
Project("{FAE04EC0-301F-11D3-BF4B-00C04F79EFBC}") = "Business", "Business\Business.csproj", "{7DA010C7-B39F-4659-B7A8-0E890E4FCC25}"
EndProject
Project("{FAE04EC0-301F-11D3-BF4B-00C04F79EFBC}") = "Testing", "Testing\Testing.csproj", "{09D937FA-C123-4E59-BB93-4B63824A378C}"
EndProject
Global
	GlobalSection(SolutionConfigurationPlatforms) = preSolution
		Debug|Any CPU = Debug|Any CPU
		Release|Any CPU = Release|Any CPU
	EndGlobalSection
	GlobalSection(ProjectConfigurationPlatforms) = postSolution
		{D09D1E7F-1D04-4A6A-957E-1400DC47B846}.Debug|Any CPU.ActiveCfg = Debug|Any CPU
		{D09D1E7F-1D04-4A6A-957E-1400DC47B846}.Debug|Any CPU.Build.0 = Debug|Any CPU
		{D09D1E7F-1D04-4A6A-957E-1400DC47B846}.Release|Any CPU.ActiveCfg = Release|Any CPU
		{D09D1E7F-1D04-4A6A-957E-1400DC47B846}.Release|Any CPU.Build.0 = Release|Any CPU
		{2BC03CFB-D940-4DFF-BB5E-307A8F8B4F93}.Debug|Any CPU.ActiveCfg = Debug|Any CPU
		{2BC03CFB-D940-4DFF-BB5E-307A8F8B4F93}.Debug|Any CPU.Build.0 = Debug|Any CPU
		{2BC03CFB-D940-4DFF-BB5E-307A8F8B4F93}.Release|Any CPU.ActiveCfg = Release|Any CPU
		{2BC03CFB-D940-4DFF-BB5E-307A8F8B4F93}.Release|Any CPU.Build.0 = Release|Any CPU
		{7DA010C7-B39F-4659-B7A8-0E890E4FCC25}.Debug|Any CPU.ActiveCfg = Debug|Any CPU
		{7DA010C7-B39F-4659-B7A8-0E890E4FCC25}.Debug|Any CPU.Build.0 = Debug|Any CPU
		{7DA010C7-B39F-4659-B7A8-0E890E4FCC25}.Release|Any CPU.ActiveCfg = Release|Any CPU
		{7DA010C7-B39F-4659-B7A8-0E890E4FCC25}.Release|Any CPU.Build.0 = Release|Any CPU
		{09D937FA-C123-4E59-BB93-4B63824A378C}.Debug|Any CPU.ActiveCfg = Debug|Any CPU
		{09D937FA-C123-4E59-BB93-4B63824A378C}.Debug|Any CPU.Build.0 = Debug|Any CPU
		{09D937FA-C123-4E59-BB93-4B63824A378C}.Release|Any CPU.ActiveCfg = Release|Any CPU
		{09D937FA-C123-4E59-BB93-4B63824A378C}.Release|Any CPU.Build.0 = Release|Any CPU
	EndGlobalSection
	GlobalSection(SolutionProperties) = preSolution
		HideSolutionNode = FALSE
	EndGlobalSection
	GlobalSection(ExtensibilityGlobals) = postSolution
		SolutionGuid = {F870BA3E-0593-4494-8728-38922DB36D7B}
	EndGlobalSection
EndGlobal
